lockfileVersion: '9.0'

settings:
  autoInstallPeers: true
  excludeLinksFromLockfile: false

importers:

  .:
    dependencies:
      pnpm:
        specifier: ^9.15.2
        version: 9.15.2

packages:

  pnpm@9.15.2:
    resolution: {integrity: sha512-k+V7ASbw33TOa/8paAOUwLpU7Ecka5zzIfASHY2bsD91CnBfJO3DwRgIU6/XwsO5QZbQo9U9PgadnieT7xHzIQ==}
    engines: {node: '>=18.12'}
    hasBin: true

snapshots:

  pnpm@9.15.2: {}
